
Microsoft Visual Studio Solution File, Format Version 12.00
# Visual Studio Version 17
VisualStudioVersion = 17.6.33723.286
MinimumVisualStudioVersion = 10.0.40219.1
Project("{FAE04EC0-301F-11D3-BF4B-00C04F79EFBC}") = "DO_AN", "DO_AN\DO_AN.csproj", "{2D085DA9-314B-47E6-9B41-5F881498EAAB}"
EndProject
Global
	GlobalSection(SolutionConfigurationPlatforms) = preSolution
		Debug|Any CPU = Debug|Any CPU
		Release|Any CPU = Release|Any CPU
	EndGlobalSection
	GlobalSection(ProjectConfigurationPlatforms) = postSolution
		{2D085DA9-314B-47E6-9B41-5F881498EAAB}.Debug|Any CPU.ActiveCfg = Debug|Any CPU
		{2D085DA9-314B-47E6-9B41-5F881498EAAB}.Debug|Any CPU.Build.0 = Debug|Any CPU
		{2D085DA9-314B-47E6-9B41-5F881498EAAB}.Release|Any CPU.ActiveCfg = Release|Any CPU
		{2D085DA9-314B-47E6-9B41-5F881498EAAB}.Release|Any CPU.Build.0 = Release|Any CPU
	EndGlobalSection
	GlobalSection(SolutionProperties) = preSolution
		HideSolutionNode = FALSE
	EndGlobalSection
	GlobalSection(ExtensibilityGlobals) = postSolution
		SolutionGuid = {584A9775-2F4A-43B0-B6F2-9E8D7F003E4D}
	EndGlobalSection
EndGlobal
